
Microsoft Visual Studio Solution File, Format Version 12.00
# Visual Studio 15
Project("{FAE04EC0-301F-11D3-BF4B-00C04F79EFBC}") = "Assembly-CSharp", "Assembly-CSharp.csproj", "{A813E2B5-A7C7-07C2-4440-C487C5CB9F69}"
EndProject
Project("{FAE04EC0-301F-11D3-BF4B-00C04F79EFBC}") = "Assembly-CSharp-Editor", "Assembly-CSharp-Editor.csproj", "{4A2F4079-C3FD-C214-2539-04C0A05CB0A0}"
EndProject
Global
	GlobalSection(SolutionConfigurationPlatforms) = preSolution
		Debug|Any CPU = Debug|Any CPU
		Release|Any CPU = Release|Any CPU
	EndGlobalSection
	GlobalSection(ProjectConfigurationPlatforms) = postSolution
		{A813E2B5-A7C7-07C2-4440-C487C5CB9F69}.Debug|Any CPU.ActiveCfg = Debug|Any CPU
		{A813E2B5-A7C7-07C2-4440-C487C5CB9F69}.Debug|Any CPU.Build.0 = Debug|Any CPU
		{A813E2B5-A7C7-07C2-4440-C487C5CB9F69}.Release|Any CPU.ActiveCfg = Release|Any CPU
		{A813E2B5-A7C7-07C2-4440-C487C5CB9F69}.Release|Any CPU.Build.0 = Release|Any CPU
		{4A2F4079-C3FD-C214-2539-04C0A05CB0A0}.Debug|Any CPU.ActiveCfg = Debug|Any CPU
		{4A2F4079-C3FD-C214-2539-04C0A05CB0A0}.Debug|Any CPU.Build.0 = Debug|Any CPU
		{4A2F4079-C3FD-C214-2539-04C0A05CB0A0}.Release|Any CPU.ActiveCfg = Release|Any CPU
		{4A2F4079-C3FD-C214-2539-04C0A05CB0A0}.Release|Any CPU.Build.0 = Release|Any CPU
	EndGlobalSection
	GlobalSection(SolutionProperties) = preSolution
		HideSolutionNode = FALSE
	EndGlobalSection
EndGlobal
